// !$*UTF8*$!
{
	archiveVersion = 1;
	classes = {
	};
	objectVersion = 51;
	objects = {

/* Begin PBXBuildFile section */
		AB18B37D230AFC2300C447A6 /* FeedCellLayoutCalculator.swift in Sources */ = {isa = PBXBuildFile; fileRef = AB18B37C230AFC2300C447A6 /* FeedCellLayoutCalculator.swift */; };
		AB18B37F230B053700C447A6 /* String + Height.swift in Sources */ = {isa = PBXBuildFile; fileRef = AB18B37E230B053700C447A6 /* String + Height.swift */; };
		AB18B381230B0E8600C447A6 /* FeedCell.swift in Sources */ = {isa = PBXBuildFile; fileRef = AB18B380230B0E8600C447A6 /* FeedCell.swift */; };
		AB2E8570230C4F0200E2FF64 /* GalleryCollectionView.swift in Sources */ = {isa = PBXBuildFile; fileRef = AB2E856F230C4F0200E2FF64 /* GalleryCollectionView.swift */; };
		AB2E8572230C4FAA00E2FF64 /* GalleryCollectionViewCell.swift in Sources */ = {isa = PBXBuildFile; fileRef = AB2E8571230C4FAA00E2FF64 /* GalleryCollectionViewCell.swift */; };
		AB2E859D230C5ABC00E2FF64 /* RowLayout.swift in Sources */ = {isa = PBXBuildFile; fileRef = AB2E859C230C5ABC00E2FF64 /* RowLayout.swift */; };
		AB5DA885230877AD008CF6DB /* AppDelegate.swift in Sources */ = {isa = PBXBuildFile; fileRef = AB5DA884230877AD008CF6DB /* AppDelegate.swift */; };
		AB5DA88C230877AF008CF6DB /* Assets.xcassets in Resources */ = {isa = PBXBuildFile; fileRef = AB5DA88B230877AF008CF6DB /* Assets.xcassets */; };
		AB5DA88F230877AF008CF6DB /* LaunchScreen.storyboard in Resources */ = {isa = PBXBuildFile; fileRef = AB5DA88D230877AF008CF6DB /* LaunchScreen.storyboard */; };
		AB613DC1230D8C2200BEED75 /* TitleView.swift in Sources */ = {isa = PBXBuildFile; fileRef = AB613DC0230D8C2200BEED75 /* TitleView.swift */; };
		AB613DC5230D93B600BEED75 /* User.swift in Sources */ = {isa = PBXBuildFile; fileRef = AB613DC4230D93B600BEED75 /* User.swift */; };
		AB613DC8230DAC2B00BEED75 /* FooterView.swift in Sources */ = {isa = PBXBuildFile; fileRef = AB613DC7230DAC2B00BEED75 /* FooterView.swift */; };
		ABDBED0423094633002BAF54 /* AuthenticationService.swift in Sources */ = {isa = PBXBuildFile; fileRef = ABDBED0323094633002BAF54 /* AuthenticationService.swift */; };
		ABDBED06230948FA002BAF54 /* AuthenticationViewController.swift in Sources */ = {isa = PBXBuildFile; fileRef = ABDBED05230948FA002BAF54 /* AuthenticationViewController.swift */; };
		ABDBED17230957A2002BAF54 /* NetworkService.swift in Sources */ = {isa = PBXBuildFile; fileRef = ABDBED16230957A2002BAF54 /* NetworkService.swift */; };
		ABDBED1923095918002BAF54 /* VKAPIRoute.swift in Sources */ = {isa = PBXBuildFile; fileRef = ABDBED1823095918002BAF54 /* VKAPIRoute.swift */; };
		ABDBED1C230960B1002BAF54 /* Feed.swift in Sources */ = {isa = PBXBuildFile; fileRef = ABDBED1B230960B0002BAF54 /* Feed.swift */; };
		ABF3D2D12309AFDC00C2A2EE /* FeedPresenter.swift in Sources */ = {isa = PBXBuildFile; fileRef = ABF3D2CA2309AFDC00C2A2EE /* FeedPresenter.swift */; };
		ABF3D2D22309AFDC00C2A2EE /* FeedWorker.swift in Sources */ = {isa = PBXBuildFile; fileRef = ABF3D2CB2309AFDC00C2A2EE /* FeedWorker.swift */; };
		ABF3D2D32309AFDC00C2A2EE /* FeedRouter.swift in Sources */ = {isa = PBXBuildFile; fileRef = ABF3D2CC2309AFDC00C2A2EE /* FeedRouter.swift */; };
		ABF3D2D42309AFDC00C2A2EE /* FeedModels.swift in Sources */ = {isa = PBXBuildFile; fileRef = ABF3D2CD2309AFDC00C2A2EE /* FeedModels.swift */; };
		ABF3D2D52309AFDC00C2A2EE /* FeedViewController.swift in Sources */ = {isa = PBXBuildFile; fileRef = ABF3D2CE2309AFDC00C2A2EE /* FeedViewController.swift */; };
		ABF3D2D62309AFDC00C2A2EE /* FeedInteractor.swift in Sources */ = {isa = PBXBuildFile; fileRef = ABF3D2CF2309AFDC00C2A2EE /* FeedInteractor.swift */; };
		ABF3D2DC2309B46D00C2A2EE /* FeedCellViewModels.swift in Sources */ = {isa = PBXBuildFile; fileRef = ABF3D2DB2309B46D00C2A2EE /* FeedCellViewModels.swift */; };
		ABF4875923DCAE1900BB6D24 /* APIRoute.swift in Sources */ = {isa = PBXBuildFile; fileRef = ABF4875823DCAE1900BB6D24 /* APIRoute.swift */; };
		ABF4875B23DCB03600BB6D24 /* NetworkServiceErrors.swift in Sources */ = {isa = PBXBuildFile; fileRef = ABF4875A23DCB03600BB6D24 /* NetworkServiceErrors.swift */; };
		BB8A7AA73FBB0B92C60E0AAF /* Pods_VK_App.framework in Frameworks */ = {isa = PBXBuildFile; fileRef = 6F87D9298B4823FD58D488AA /* Pods_VK_App.framework */; };
/* End PBXBuildFile section */

/* Begin PBXFileReference section */
		162D9282554F6691F5AF62AF /* Pods-VK App.release.xcconfig */ = {isa = PBXFileReference; includeInIndex = 1; lastKnownFileType = text.xcconfig; name = "Pods-VK App.release.xcconfig"; path = "Target Support Files/Pods-VK App/Pods-VK App.release.xcconfig"; sourceTree = "<group>"; };
		2473AF2BD438393CA2CE737C /* Pods-VK App.debug.xcconfig */ = {isa = PBXFileReference; includeInIndex = 1; lastKnownFileType = text.xcconfig; name = "Pods-VK App.debug.xcconfig"; path = "Target Support Files/Pods-VK App/Pods-VK App.debug.xcconfig"; sourceTree = "<group>"; };
		6F87D9298B4823FD58D488AA /* Pods_VK_App.framework */ = {isa = PBXFileReference; explicitFileType = wrapper.framework; includeInIndex = 0; path = Pods_VK_App.framework; sourceTree = BUILT_PRODUCTS_DIR; };
		AB18B37C230AFC2300C447A6 /* FeedCellLayoutCalculator.swift */ = {isa = PBXFileReference; lastKnownFileType = sourcecode.swift; path = FeedCellLayoutCalculator.swift; sourceTree = "<group>"; };
		AB18B37E230B053700C447A6 /* String + Height.swift */ = {isa = PBXFileReference; lastKnownFileType = sourcecode.swift; path = "String + Height.swift"; sourceTree = "<group>"; };
		AB18B380230B0E8600C447A6 /* FeedCell.swift */ = {isa = PBXFileReference; lastKnownFileType = sourcecode.swift; path = FeedCell.swift; sourceTree = "<group>"; };
		AB2E856F230C4F0200E2FF64 /* GalleryCollectionView.swift */ = {isa = PBXFileReference; lastKnownFileType = sourcecode.swift; path = GalleryCollectionView.swift; sourceTree = "<group>"; };
		AB2E8571230C4FAA00E2FF64 /* GalleryCollectionViewCell.swift */ = {isa = PBXFileReference; lastKnownFileType = sourcecode.swift; path = GalleryCollectionViewCell.swift; sourceTree = "<group>"; };
		AB2E859C230C5ABC00E2FF64 /* RowLayout.swift */ = {isa = PBXFileReference; lastKnownFileType = sourcecode.swift; path = RowLayout.swift; sourceTree = "<group>"; };
		AB5DA881230877AD008CF6DB /* VK App.app */ = {isa = PBXFileReference; explicitFileType = wrapper.application; includeInIndex = 0; path = "VK App.app"; sourceTree = BUILT_PRODUCTS_DIR; };
		AB5DA884230877AD008CF6DB /* AppDelegate.swift */ = {isa = PBXFileReference; lastKnownFileType = sourcecode.swift; path = AppDelegate.swift; sourceTree = "<group>"; };
		AB5DA88B230877AF008CF6DB /* Assets.xcassets */ = {isa = PBXFileReference; lastKnownFileType = folder.assetcatalog; path = Assets.xcassets; sourceTree = "<group>"; };
		AB5DA88E230877AF008CF6DB /* Base */ = {isa = PBXFileReference; lastKnownFileType = file.storyboard; name = Base; path = Base.lproj/LaunchScreen.storyboard; sourceTree = "<group>"; };
		AB5DA890230877AF008CF6DB /* Info.plist */ = {isa = PBXFileReference; lastKnownFileType = text.plist.xml; path = Info.plist; sourceTree = "<group>"; };
		AB613DC0230D8C2200BEED75 /* TitleView.swift */ = {isa = PBXFileReference; lastKnownFileType = sourcecode.swift; path = TitleView.swift; sourceTree = "<group>"; };
		AB613DC4230D93B600BEED75 /* User.swift */ = {isa = PBXFileReference; lastKnownFileType = sourcecode.swift; path = User.swift; sourceTree = "<group>"; };
		AB613DC7230DAC2B00BEED75 /* FooterView.swift */ = {isa = PBXFileReference; lastKnownFileType = sourcecode.swift; path = FooterView.swift; sourceTree = "<group>"; };
		ABDBED0323094633002BAF54 /* AuthenticationService.swift */ = {isa = PBXFileReference; lastKnownFileType = sourcecode.swift; path = AuthenticationService.swift; sourceTree = "<group>"; };
		ABDBED05230948FA002BAF54 /* AuthenticationViewController.swift */ = {isa = PBXFileReference; lastKnownFileType = sourcecode.swift; path = AuthenticationViewController.swift; sourceTree = "<group>"; };
		ABDBED16230957A2002BAF54 /* NetworkService.swift */ = {isa = PBXFileReference; lastKnownFileType = sourcecode.swift; path = NetworkService.swift; sourceTree = "<group>"; };
		ABDBED1823095918002BAF54 /* VKAPIRoute.swift */ = {isa = PBXFileReference; lastKnownFileType = sourcecode.swift; path = VKAPIRoute.swift; sourceTree = "<group>"; };
		ABDBED1B230960B0002BAF54 /* Feed.swift */ = {isa = PBXFileReference; lastKnownFileType = sourcecode.swift; path = Feed.swift; sourceTree = "<group>"; };
		ABF3D2CA2309AFDC00C2A2EE /* FeedPresenter.swift */ = {isa = PBXFileReference; lastKnownFileType = sourcecode.swift; path = FeedPresenter.swift; sourceTree = "<group>"; };
		ABF3D2CB2309AFDC00C2A2EE /* FeedWorker.swift */ = {isa = PBXFileReference; lastKnownFileType = sourcecode.swift; path = FeedWorker.swift; sourceTree = "<group>"; };
		ABF3D2CC2309AFDC00C2A2EE /* FeedRouter.swift */ = {isa = PBXFileReference; lastKnownFileType = sourcecode.swift; path = FeedRouter.swift; sourceTree = "<group>"; };
		ABF3D2CD2309AFDC00C2A2EE /* FeedModels.swift */ = {isa = PBXFileReference; lastKnownFileType = sourcecode.swift; path = FeedModels.swift; sourceTree = "<group>"; };
		ABF3D2CE2309AFDC00C2A2EE /* FeedViewController.swift */ = {isa = PBXFileReference; lastKnownFileType = sourcecode.swift; path = FeedViewController.swift; sourceTree = "<group>"; };
		ABF3D2CF2309AFDC00C2A2EE /* FeedInteractor.swift */ = {isa = PBXFileReference; lastKnownFileType = sourcecode.swift; path = FeedInteractor.swift; sourceTree = "<group>"; };
		ABF3D2DB2309B46D00C2A2EE /* FeedCellViewModels.swift */ = {isa = PBXFileReference; lastKnownFileType = sourcecode.swift; path = FeedCellViewModels.swift; sourceTree = "<group>"; };
		ABF4875823DCAE1900BB6D24 /* APIRoute.swift */ = {isa = PBXFileReference; lastKnownFileType = sourcecode.swift; path = APIRoute.swift; sourceTree = "<group>"; };
		ABF4875A23DCB03600BB6D24 /* NetworkServiceErrors.swift */ = {isa = PBXFileReference; lastKnownFileType = sourcecode.swift; path = NetworkServiceErrors.swift; sourceTree = "<group>"; };
/* End PBXFileReference section */

/* Begin PBXFrameworksBuildPhase section */
		AB5DA87E230877AD008CF6DB /* Frameworks */ = {
			isa = PBXFrameworksBuildPhase;
			buildActionMask = 2147483647;
			files = (
				BB8A7AA73FBB0B92C60E0AAF /* Pods_VK_App.framework in Frameworks */,
			);
			runOnlyForDeploymentPostprocessing = 0;
		};
/* End PBXFrameworksBuildPhase section */

/* Begin PBXGroup section */
		8E60E3A9F2EBDAE5382ECA6C /* Frameworks */ = {
			isa = PBXGroup;
			children = (
				6F87D9298B4823FD58D488AA /* Pods_VK_App.framework */,
			);
			name = Frameworks;
			sourceTree = "<group>";
		};
		AB2E856E230C4EEB00E2FF64 /* Gallery */ = {
			isa = PBXGroup;
			children = (
				AB2E856F230C4F0200E2FF64 /* GalleryCollectionView.swift */,
				AB2E8571230C4FAA00E2FF64 /* GalleryCollectionViewCell.swift */,
				AB2E859C230C5ABC00E2FF64 /* RowLayout.swift */,
			);
			path = Gallery;
			sourceTree = "<group>";
		};
		AB5DA878230877AD008CF6DB = {
			isa = PBXGroup;
			children = (
				AB5DA883230877AD008CF6DB /* VK App */,
				AB5DA882230877AD008CF6DB /* Products */,
				F023CC9CF1E8830518E3F668 /* Pods */,
				8E60E3A9F2EBDAE5382ECA6C /* Frameworks */,
			);
			sourceTree = "<group>";
		};
		AB5DA882230877AD008CF6DB /* Products */ = {
			isa = PBXGroup;
			children = (
				AB5DA881230877AD008CF6DB /* VK App.app */,
			);
			name = Products;
			sourceTree = "<group>";
		};
		AB5DA883230877AD008CF6DB /* VK App */ = {
			isa = PBXGroup;
			children = (
				ABDBED122309575A002BAF54 /* Services */,
				ABDBED1A23096098002BAF54 /* DTO */,
				ABDBED112309574F002BAF54 /* Tools */,
				ABDBED1423095772002BAF54 /* UI */,
				AB5DA884230877AD008CF6DB /* AppDelegate.swift */,
				AB5DA88B230877AF008CF6DB /* Assets.xcassets */,
				AB5DA88D230877AF008CF6DB /* LaunchScreen.storyboard */,
				AB5DA890230877AF008CF6DB /* Info.plist */,
			);
			path = "VK App";
			sourceTree = "<group>";
		};
		AB613DBF230D8C0A00BEED75 /* Title view */ = {
			isa = PBXGroup;
			children = (
				AB613DC0230D8C2200BEED75 /* TitleView.swift */,
			);
			path = "Title view";
			sourceTree = "<group>";
		};
		AB613DC6230DAC1600BEED75 /* Footer view */ = {
			isa = PBXGroup;
			children = (
				AB613DC7230DAC2B00BEED75 /* FooterView.swift */,
			);
			path = "Footer view";
			sourceTree = "<group>";
		};
		ABDBED0F2309572B002BAF54 /* Authentication */ = {
			isa = PBXGroup;
			children = (
				ABDBED05230948FA002BAF54 /* AuthenticationViewController.swift */,
			);
			path = Authentication;
			sourceTree = "<group>";
		};
		ABDBED1023095743002BAF54 /* Feed */ = {
			isa = PBXGroup;
			children = (
				AB613DC6230DAC1600BEED75 /* Footer view */,
				AB613DBF230D8C0A00BEED75 /* Title view */,
				AB2E856E230C4EEB00E2FF64 /* Gallery */,
				ABF3D2DA2309B45600C2A2EE /* Cell */,
				ABF3D2CE2309AFDC00C2A2EE /* FeedViewController.swift */,
				ABF3D2CA2309AFDC00C2A2EE /* FeedPresenter.swift */,
				ABF3D2CB2309AFDC00C2A2EE /* FeedWorker.swift */,
				ABF3D2CC2309AFDC00C2A2EE /* FeedRouter.swift */,
				ABF3D2CD2309AFDC00C2A2EE /* FeedModels.swift */,
				ABF3D2CF2309AFDC00C2A2EE /* FeedInteractor.swift */,
			);
			path = Feed;
			sourceTree = "<group>";
		};
		ABDBED112309574F002BAF54 /* Tools */ = {
			isa = PBXGroup;
			children = (
				AB18B37E230B053700C447A6 /* String + Height.swift */,
			);
			path = Tools;
			sourceTree = "<group>";
		};
		ABDBED122309575A002BAF54 /* Services */ = {
			isa = PBXGroup;
			children = (
				ABDBED152309578F002BAF54 /* Network */,
				ABDBED1323095767002BAF54 /* Authentication */,
			);
			path = Services;
			sourceTree = "<group>";
		};
		ABDBED1323095767002BAF54 /* Authentication */ = {
			isa = PBXGroup;
			children = (
				ABDBED0323094633002BAF54 /* AuthenticationService.swift */,
			);
			path = Authentication;
			sourceTree = "<group>";
		};
		ABDBED1423095772002BAF54 /* UI */ = {
			isa = PBXGroup;
			children = (
				ABDBED0F2309572B002BAF54 /* Authentication */,
				ABDBED1023095743002BAF54 /* Feed */,
			);
			path = UI;
			sourceTree = "<group>";
		};
		ABDBED152309578F002BAF54 /* Network */ = {
			isa = PBXGroup;
			children = (
				ABF4875523DCADE000BB6D24 /* Requests */,
				ABDBED16230957A2002BAF54 /* NetworkService.swift */,
				ABF4875A23DCB03600BB6D24 /* NetworkServiceErrors.swift */,
			);
			path = Network;
			sourceTree = "<group>";
		};
		ABDBED1A23096098002BAF54 /* DTO */ = {
			isa = PBXGroup;
			children = (
				ABDBED1B230960B0002BAF54 /* Feed.swift */,
				AB613DC4230D93B600BEED75 /* User.swift */,
			);
			path = DTO;
			sourceTree = "<group>";
		};
		ABF3D2DA2309B45600C2A2EE /* Cell */ = {
			isa = PBXGroup;
			children = (
				ABF3D2DB2309B46D00C2A2EE /* FeedCellViewModels.swift */,
				AB18B37C230AFC2300C447A6 /* FeedCellLayoutCalculator.swift */,
				AB18B380230B0E8600C447A6 /* FeedCell.swift */,
			);
			path = Cell;
			sourceTree = "<group>";
		};
		ABF4875523DCADE000BB6D24 /* Requests */ = {
			isa = PBXGroup;
			children = (
				ABDBED1823095918002BAF54 /* VKAPIRoute.swift */,
				ABF4875823DCAE1900BB6D24 /* APIRoute.swift */,
			);
			path = Requests;
			sourceTree = "<group>";
		};
		F023CC9CF1E8830518E3F668 /* Pods */ = {
			isa = PBXGroup;
			children = (
				2473AF2BD438393CA2CE737C /* Pods-VK App.debug.xcconfig */,
				162D9282554F6691F5AF62AF /* Pods-VK App.release.xcconfig */,
			);
			path = Pods;
			sourceTree = "<group>";
		};
/* End PBXGroup section */

/* Begin PBXNativeTarget section */
		AB5DA880230877AD008CF6DB /* VK App */ = {
			isa = PBXNativeTarget;
			buildConfigurationList = AB5DA893230877AF008CF6DB /* Build configuration list for PBXNativeTarget "VK App" */;
			buildPhases = (
				16E62C0982A17568191FBDF5 /* [CP] Check Pods Manifest.lock */,
				AB5DA87D230877AD008CF6DB /* Sources */,
				AB5DA87E230877AD008CF6DB /* Frameworks */,
				AB5DA87F230877AD008CF6DB /* Resources */,
				4FF66CA21C0A7731C4612718 /* [CP] Embed Pods Frameworks */,
			);
			buildRules = (
			);
			dependencies = (
			);
			name = "VK App";
			productName = "VK App";
			productReference = AB5DA881230877AD008CF6DB /* VK App.app */;
			productType = "com.apple.product-type.application";
		};
/* End PBXNativeTarget section */

/* Begin PBXProject section */
		AB5DA879230877AD008CF6DB /* Project object */ = {
			isa = PBXProject;
			attributes = {
				LastSwiftUpdateCheck = 1030;
				LastUpgradeCheck = 1030;
				ORGANIZATIONNAME = "Алексей Воронов";
				TargetAttributes = {
					AB5DA880230877AD008CF6DB = {
						CreatedOnToolsVersion = 10.3;
					};
				};
			};
			buildConfigurationList = AB5DA87C230877AD008CF6DB /* Build configuration list for PBXProject "VK App" */;
			compatibilityVersion = "Xcode 9.3";
			developmentRegion = en;
			hasScannedForEncodings = 0;
			knownRegions = (
				en,
				Base,
			);
			mainGroup = AB5DA878230877AD008CF6DB;
			productRefGroup = AB5DA882230877AD008CF6DB /* Products */;
			projectDirPath = "";
			projectRoot = "";
			targets = (
				AB5DA880230877AD008CF6DB /* VK App */,
			);
		};
/* End PBXProject section */

/* Begin PBXResourcesBuildPhase section */
		AB5DA87F230877AD008CF6DB /* Resources */ = {
			isa = PBXResourcesBuildPhase;
			buildActionMask = 2147483647;
			files = (
				AB5DA88F230877AF008CF6DB /* LaunchScreen.storyboard in Resources */,
				AB5DA88C230877AF008CF6DB /* Assets.xcassets in Resources */,
			);
			runOnlyForDeploymentPostprocessing = 0;
		};
/* End PBXResourcesBuildPhase section */

/* Begin PBXShellScriptBuildPhase section */
		16E62C0982A17568191FBDF5 /* [CP] Check Pods Manifest.lock */ = {
			isa = PBXShellScriptBuildPhase;
			buildActionMask = 2147483647;
			files = (
			);
			inputFileListPaths = (
			);
			inputPaths = (
				"${PODS_PODFILE_DIR_PATH}/Podfile.lock",
				"${PODS_ROOT}/Manifest.lock",
			);
			name = "[CP] Check Pods Manifest.lock";
			outputFileListPaths = (
			);
			outputPaths = (
				"$(DERIVED_FILE_DIR)/Pods-VK App-checkManifestLockResult.txt",
			);
			runOnlyForDeploymentPostprocessing = 0;
			shellPath = /bin/sh;
			shellScript = "diff \"${PODS_PODFILE_DIR_PATH}/Podfile.lock\" \"${PODS_ROOT}/Manifest.lock\" > /dev/null\nif [ $? != 0 ] ; then\n    # print error to STDERR\n    echo \"error: The sandbox is not in sync with the Podfile.lock. Run 'pod install' or update your CocoaPods installation.\" >&2\n    exit 1\nfi\n# This output is used by Xcode 'outputs' to avoid re-running this script phase.\necho \"SUCCESS\" > \"${SCRIPT_OUTPUT_FILE_0}\"\n";
			showEnvVarsInLog = 0;
		};
		4FF66CA21C0A7731C4612718 /* [CP] Embed Pods Frameworks */ = {
			isa = PBXShellScriptBuildPhase;
			buildActionMask = 2147483647;
			files = (
			);
			inputFileListPaths = (
				"${PODS_ROOT}/Target Support Files/Pods-VK App/Pods-VK App-frameworks-${CONFIGURATION}-input-files.xcfilelist",
			);
			name = "[CP] Embed Pods Frameworks";
			outputFileListPaths = (
				"${PODS_ROOT}/Target Support Files/Pods-VK App/Pods-VK App-frameworks-${CONFIGURATION}-output-files.xcfilelist",
			);
			runOnlyForDeploymentPostprocessing = 0;
			shellPath = /bin/sh;
			shellScript = "\"${PODS_ROOT}/Target Support Files/Pods-VK App/Pods-VK App-frameworks.sh\"\n";
			showEnvVarsInLog = 0;
		};
/* End PBXShellScriptBuildPhase section */

/* Begin PBXSourcesBuildPhase section */
		AB5DA87D230877AD008CF6DB /* Sources */ = {
			isa = PBXSourcesBuildPhase;
			buildActionMask = 2147483647;
			files = (
				ABDBED0423094633002BAF54 /* AuthenticationService.swift in Sources */,
				ABF3D2D32309AFDC00C2A2EE /* FeedRouter.swift in Sources */,
				AB2E8570230C4F0200E2FF64 /* GalleryCollectionView.swift in Sources */,
				ABF3D2D12309AFDC00C2A2EE /* FeedPresenter.swift in Sources */,
				ABDBED06230948FA002BAF54 /* AuthenticationViewController.swift in Sources */,
				AB18B381230B0E8600C447A6 /* FeedCell.swift in Sources */,
				ABF3D2D42309AFDC00C2A2EE /* FeedModels.swift in Sources */,
				ABDBED1C230960B1002BAF54 /* Feed.swift in Sources */,
				AB18B37D230AFC2300C447A6 /* FeedCellLayoutCalculator.swift in Sources */,
				ABF3D2DC2309B46D00C2A2EE /* FeedCellViewModels.swift in Sources */,
				ABDBED17230957A2002BAF54 /* NetworkService.swift in Sources */,
				ABF3D2D22309AFDC00C2A2EE /* FeedWorker.swift in Sources */,
				ABF4875923DCAE1900BB6D24 /* APIRoute.swift in Sources */,
				ABF4875B23DCB03600BB6D24 /* NetworkServiceErrors.swift in Sources */,
				AB18B37F230B053700C447A6 /* String + Height.swift in Sources */,
				ABDBED1923095918002BAF54 /* VKAPIRoute.swift in Sources */,
				AB2E8572230C4FAA00E2FF64 /* GalleryCollectionViewCell.swift in Sources */,
				AB2E859D230C5ABC00E2FF64 /* RowLayout.swift in Sources */,
				AB613DC1230D8C2200BEED75 /* TitleView.swift in Sources */,
				ABF3D2D62309AFDC00C2A2EE /* FeedInteractor.swift in Sources */,
				ABF3D2D52309AFDC00C2A2EE /* FeedViewController.swift in Sources */,
				AB5DA885230877AD008CF6DB /* AppDelegate.swift in Sources */,
				AB613DC5230D93B600BEED75 /* User.swift in Sources */,
				AB613DC8230DAC2B00BEED75 /* FooterView.swift in Sources */,
			);
			runOnlyForDeploymentPostprocessing = 0;
		};
/* End PBXSourcesBuildPhase section */

/* Begin PBXVariantGroup section */
		AB5DA88D230877AF008CF6DB /* LaunchScreen.storyboard */ = {
			isa = PBXVariantGroup;
			children = (
				AB5DA88E230877AF008CF6DB /* Base */,
			);
			name = LaunchScreen.storyboard;
			sourceTree = "<group>";
		};
/* End PBXVariantGroup section */

/* Begin XCBuildConfiguration section */
		AB5DA891230877AF008CF6DB /* Debug */ = {
			isa = XCBuildConfiguration;
			buildSettings = {
				ALWAYS_SEARCH_USER_PATHS = NO;
				CLANG_ANALYZER_NONNULL = YES;
				CLANG_ANALYZER_NUMBER_OBJECT_CONVERSION = YES_AGGRESSIVE;
				CLANG_CXX_LANGUAGE_STANDARD = "gnu++14";
				CLANG_CXX_LIBRARY = "libc++";
				CLANG_ENABLE_MODULES = YES;
				CLANG_ENABLE_OBJC_ARC = YES;
				CLANG_ENABLE_OBJC_WEAK = YES;
				CLANG_WARN_BLOCK_CAPTURE_AUTORELEASING = YES;
				CLANG_WARN_BOOL_CONVERSION = YES;
				CLANG_WARN_COMMA = YES;
				CLANG_WARN_CONSTANT_CONVERSION = YES;
				CLANG_WARN_DEPRECATED_OBJC_IMPLEMENTATIONS = YES;
				CLANG_WARN_DIRECT_OBJC_ISA_USAGE = YES_ERROR;
				CLANG_WARN_DOCUMENTATION_COMMENTS = YES;
				CLANG_WARN_EMPTY_BODY = YES;
				CLANG_WARN_ENUM_CONVERSION = YES;
				CLANG_WARN_INFINITE_RECURSION = YES;
				CLANG_WARN_INT_CONVERSION = YES;
				CLANG_WARN_NON_LITERAL_NULL_CONVERSION = YES;
				CLANG_WARN_OBJC_IMPLICIT_RETAIN_SELF = YES;
				CLANG_WARN_OBJC_LITERAL_CONVERSION = YES;
				CLANG_WARN_OBJC_ROOT_CLASS = YES_ERROR;
				CLANG_WARN_RANGE_LOOP_ANALYSIS = YES;
				CLANG_WARN_STRICT_PROTOTYPES = YES;
				CLANG_WARN_SUSPICIOUS_MOVE = YES;
				CLANG_WARN_UNGUARDED_AVAILABILITY = YES_AGGRESSIVE;
				CLANG_WARN_UNREACHABLE_CODE = YES;
				CLANG_WARN__DUPLICATE_METHOD_MATCH = YES;
				CODE_SIGN_IDENTITY = "iPhone Developer";
				COPY_PHASE_STRIP = NO;
				DEBUG_INFORMATION_FORMAT = dwarf;
				ENABLE_STRICT_OBJC_MSGSEND = YES;
				ENABLE_TESTABILITY = YES;
				GCC_C_LANGUAGE_STANDARD = gnu11;
				GCC_DYNAMIC_NO_PIC = NO;
				GCC_NO_COMMON_BLOCKS = YES;
				GCC_OPTIMIZATION_LEVEL = 0;
				GCC_PREPROCESSOR_DEFINITIONS = (
					"DEBUG=1",
					"$(inherited)",
				);
				GCC_WARN_64_TO_32_BIT_CONVERSION = YES;
				GCC_WARN_ABOUT_RETURN_TYPE = YES_ERROR;
				GCC_WARN_UNDECLARED_SELECTOR = YES;
				GCC_WARN_UNINITIALIZED_AUTOS = YES_AGGRESSIVE;
				GCC_WARN_UNUSED_FUNCTION = YES;
				GCC_WARN_UNUSED_VARIABLE = YES;
				IPHONEOS_DEPLOYMENT_TARGET = 12.4;
				MTL_ENABLE_DEBUG_INFO = INCLUDE_SOURCE;
				MTL_FAST_MATH = YES;
				ONLY_ACTIVE_ARCH = YES;
				SDKROOT = iphoneos;
				SWIFT_ACTIVE_COMPILATION_CONDITIONS = DEBUG;
				SWIFT_OPTIMIZATION_LEVEL = "-Onone";
			};
			name = Debug;
		};
		AB5DA892230877AF008CF6DB /* Release */ = {
			isa = XCBuildConfiguration;
			buildSettings = {
				ALWAYS_SEARCH_USER_PATHS = NO;
				CLANG_ANALYZER_NONNULL = YES;
				CLANG_ANALYZER_NUMBER_OBJECT_CONVERSION = YES_AGGRESSIVE;
				CLANG_CXX_LANGUAGE_STANDARD = "gnu++14";
				CLANG_CXX_LIBRARY = "libc++";
				CLANG_ENABLE_MODULES = YES;
				CLANG_ENABLE_OBJC_ARC = YES;
				CLANG_ENABLE_OBJC_WEAK = YES;
				CLANG_WARN_BLOCK_CAPTURE_AUTORELEASING = YES;
				CLANG_WARN_BOOL_CONVERSION = YES;
				CLANG_WARN_COMMA = YES;
				CLANG_WARN_CONSTANT_CONVERSION = YES;
				CLANG_WARN_DEPRECATED_OBJC_IMPLEMENTATIONS = YES;
				CLANG_WARN_DIRECT_OBJC_ISA_USAGE = YES_ERROR;
				CLANG_WARN_DOCUMENTATION_COMMENTS = YES;
				CLANG_WARN_EMPTY_BODY = YES;
				CLANG_WARN_ENUM_CONVERSION = YES;
				CLANG_WARN_INFINITE_RECURSION = YES;
				CLANG_WARN_INT_CONVERSION = YES;
				CLANG_WARN_NON_LITERAL_NULL_CONVERSION = YES;
				CLANG_WARN_OBJC_IMPLICIT_RETAIN_SELF = YES;
				CLANG_WARN_OBJC_LITERAL_CONVERSION = YES;
				CLANG_WARN_OBJC_ROOT_CLASS = YES_ERROR;
				CLANG_WARN_RANGE_LOOP_ANALYSIS = YES;
				CLANG_WARN_STRICT_PROTOTYPES = YES;
				CLANG_WARN_SUSPICIOUS_MOVE = YES;
				CLANG_WARN_UNGUARDED_AVAILABILITY = YES_AGGRESSIVE;
				CLANG_WARN_UNREACHABLE_CODE = YES;
				CLANG_WARN__DUPLICATE_METHOD_MATCH = YES;
				CODE_SIGN_IDENTITY = "iPhone Developer";
				COPY_PHASE_STRIP = NO;
				DEBUG_INFORMATION_FORMAT = "dwarf-with-dsym";
				ENABLE_NS_ASSERTIONS = NO;
				ENABLE_STRICT_OBJC_MSGSEND = YES;
				GCC_C_LANGUAGE_STANDARD = gnu11;
				GCC_NO_COMMON_BLOCKS = YES;
				GCC_WARN_64_TO_32_BIT_CONVERSION = YES;
				GCC_WARN_ABOUT_RETURN_TYPE = YES_ERROR;
				GCC_WARN_UNDECLARED_SELECTOR = YES;
				GCC_WARN_UNINITIALIZED_AUTOS = YES_AGGRESSIVE;
				GCC_WARN_UNUSED_FUNCTION = YES;
				GCC_WARN_UNUSED_VARIABLE = YES;
				IPHONEOS_DEPLOYMENT_TARGET = 12.4;
				MTL_ENABLE_DEBUG_INFO = NO;
				MTL_FAST_MATH = YES;
				SDKROOT = iphoneos;
				SWIFT_COMPILATION_MODE = wholemodule;
				SWIFT_OPTIMIZATION_LEVEL = "-O";
				VALIDATE_PRODUCT = YES;
			};
			name = Release;
		};
		AB5DA894230877AF008CF6DB /* Debug */ = {
			isa = XCBuildConfiguration;
			baseConfigurationReference = 2473AF2BD438393CA2CE737C /* Pods-VK App.debug.xcconfig */;
			buildSettings = {
				ASSETCATALOG_COMPILER_APPICON_NAME = AppIcon;
				CODE_SIGN_STYLE = Automatic;
				DEVELOPMENT_TEAM = N8AX386RTP;
				INFOPLIST_FILE = "VK App/Info.plist";
				LD_RUNPATH_SEARCH_PATHS = (
					"$(inherited)",
					"@executable_path/Frameworks",
				);
				PRODUCT_BUNDLE_IDENTIFIER = "com.AlexeyVoronov.VK-App";
				PRODUCT_NAME = "$(TARGET_NAME)";
				SWIFT_VERSION = 5.0;
				TARGETED_DEVICE_FAMILY = "1,2";
			};
			name = Debug;
		};
		AB5DA895230877AF008CF6DB /* Release */ = {
			isa = XCBuildConfiguration;
			baseConfigurationReference = 162D9282554F6691F5AF62AF /* Pods-VK App.release.xcconfig */;
			buildSettings = {
				ASSETCATALOG_COMPILER_APPICON_NAME = AppIcon;
				CODE_SIGN_STYLE = Automatic;
				DEVELOPMENT_TEAM = N8AX386RTP;
				INFOPLIST_FILE = "VK App/Info.plist";
				LD_RUNPATH_SEARCH_PATHS = (
					"$(inherited)",
					"@executable_path/Frameworks",
				);
				PRODUCT_BUNDLE_IDENTIFIER = "com.AlexeyVoronov.VK-App";
				PRODUCT_NAME = "$(TARGET_NAME)";
				SWIFT_VERSION = 5.0;
				TARGETED_DEVICE_FAMILY = "1,2";
			};
			name = Release;
		};
/* End XCBuildConfiguration section */

/* Begin XCConfigurationList section */
		AB5DA87C230877AD008CF6DB /* Build configuration list for PBXProject "VK App" */ = {
			isa = XCConfigurationList;
			buildConfigurations = (
				AB5DA891230877AF008CF6DB /* Debug */,
				AB5DA892230877AF008CF6DB /* Release */,
			);
			defaultConfigurationIsVisible = 0;
			defaultConfigurationName = Release;
		};
		AB5DA893230877AF008CF6DB /* Build configuration list for PBXNativeTarget "VK App" */ = {
			isa = XCConfigurationList;
			buildConfigurations = (
				AB5DA894230877AF008CF6DB /* Debug */,
				AB5DA895230877AF008CF6DB /* Release */,
			);
			defaultConfigurationIsVisible = 0;
			defaultConfigurationName = Release;
		};
/* End XCConfigurationList section */
	};
	rootObject = AB5DA879230877AD008CF6DB /* Project object */;
}
